
Microsoft Visual Studio Solution File, Format Version 12.00
# Visual Studio 2012
Project("{FAE04EC0-301F-11D3-BF4B-00C04F79EFBC}") = "MyToyLanguage.Core", "MyToyLanguage.Core\MyToyLanguage.Core.csproj", "{040E0F49-9272-41A7-BE01-E846299A0ED9}"
EndProject
Project("{FAE04EC0-301F-11D3-BF4B-00C04F79EFBC}") = "MyToyLanguage.Expression", "MyToyLanguage.Expression\MyToyLanguage.Expression.csproj", "{97B5BFBA-8BDF-48FB-B899-6748F3DC2588}"
EndProject
Project("{FAE04EC0-301F-11D3-BF4B-00C04F79EFBC}") = "MyToyLanguage.Expression.Tests", "MyToyLanguage.Expression.Tests\MyToyLanguage.Expression.Tests.csproj", "{6EA166BD-405C-4DDD-8411-5DCC79EA621C}"
EndProject
Project("{FAE04EC0-301F-11D3-BF4B-00C04F79EFBC}") = "MyToyLanguage.Expression.Repl", "MyToyLanguage.Expression.Repl\MyToyLanguage.Expression.Repl.csproj", "{9E148FBB-429E-4D55-9E6E-38F69F86E110}"
EndProject
Global
	GlobalSection(SolutionConfigurationPlatforms) = preSolution
		Debug|Any CPU = Debug|Any CPU
		Release|Any CPU = Release|Any CPU
	EndGlobalSection
	GlobalSection(ProjectConfigurationPlatforms) = postSolution
		{040E0F49-9272-41A7-BE01-E846299A0ED9}.Debug|Any CPU.ActiveCfg = Debug|Any CPU
		{040E0F49-9272-41A7-BE01-E846299A0ED9}.Debug|Any CPU.Build.0 = Debug|Any CPU
		{040E0F49-9272-41A7-BE01-E846299A0ED9}.Release|Any CPU.ActiveCfg = Release|Any CPU
		{040E0F49-9272-41A7-BE01-E846299A0ED9}.Release|Any CPU.Build.0 = Release|Any CPU
		{97B5BFBA-8BDF-48FB-B899-6748F3DC2588}.Debug|Any CPU.ActiveCfg = Debug|Any CPU
		{97B5BFBA-8BDF-48FB-B899-6748F3DC2588}.Debug|Any CPU.Build.0 = Debug|Any CPU
		{97B5BFBA-8BDF-48FB-B899-6748F3DC2588}.Release|Any CPU.ActiveCfg = Release|Any CPU
		{97B5BFBA-8BDF-48FB-B899-6748F3DC2588}.Release|Any CPU.Build.0 = Release|Any CPU
		{6EA166BD-405C-4DDD-8411-5DCC79EA621C}.Debug|Any CPU.ActiveCfg = Debug|Any CPU
		{6EA166BD-405C-4DDD-8411-5DCC79EA621C}.Debug|Any CPU.Build.0 = Debug|Any CPU
		{6EA166BD-405C-4DDD-8411-5DCC79EA621C}.Release|Any CPU.ActiveCfg = Release|Any CPU
		{6EA166BD-405C-4DDD-8411-5DCC79EA621C}.Release|Any CPU.Build.0 = Release|Any CPU
		{9E148FBB-429E-4D55-9E6E-38F69F86E110}.Debug|Any CPU.ActiveCfg = Debug|Any CPU
		{9E148FBB-429E-4D55-9E6E-38F69F86E110}.Debug|Any CPU.Build.0 = Debug|Any CPU
		{9E148FBB-429E-4D55-9E6E-38F69F86E110}.Release|Any CPU.ActiveCfg = Release|Any CPU
		{9E148FBB-429E-4D55-9E6E-38F69F86E110}.Release|Any CPU.Build.0 = Release|Any CPU
	EndGlobalSection
	GlobalSection(SolutionProperties) = preSolution
		HideSolutionNode = FALSE
	EndGlobalSection
EndGlobal
